
Microsoft Visual Studio Solution File, Format Version 12.00
# Visual Studio Version 17
VisualStudioVersion = 17.4.33205.214
MinimumVisualStudioVersion = 10.0.40219.1
Project("{9A19103F-16F7-4668-BE54-9A1E7A4F7556}") = "задание 2", "задание 2.csproj", "{D9FAEC34-4659-4117-86E7-70AB626FC08D}"
EndProject
Global
	GlobalSection(SolutionConfigurationPlatforms) = preSolution
		Debug|Any CPU = Debug|Any CPU
		Release|Any CPU = Release|Any CPU
	EndGlobalSection
	GlobalSection(ProjectConfigurationPlatforms) = postSolution
		{D9FAEC34-4659-4117-86E7-70AB626FC08D}.Debug|Any CPU.ActiveCfg = Debug|Any CPU
		{D9FAEC34-4659-4117-86E7-70AB626FC08D}.Debug|Any CPU.Build.0 = Debug|Any CPU
		{D9FAEC34-4659-4117-86E7-70AB626FC08D}.Release|Any CPU.ActiveCfg = Release|Any CPU
		{D9FAEC34-4659-4117-86E7-70AB626FC08D}.Release|Any CPU.Build.0 = Release|Any CPU
	EndGlobalSection
	GlobalSection(SolutionProperties) = preSolution
		HideSolutionNode = FALSE
	EndGlobalSection
	GlobalSection(ExtensibilityGlobals) = postSolution
		SolutionGuid = {6E25CFDE-840F-4FB7-A220-AB593AA17490}
	EndGlobalSection
EndGlobal
